// !$*UTF8*$!
{
	archiveVersion = 1;
	classes = {
	};
	objectVersion = 54;
	objects = {

/* Begin PBXBuildFile section */
		305801F94FE6ACF2C2F543FA /* Pods_TMDBTests.framework in Frameworks */ = {isa = PBXBuildFile; fileRef = 874FB78D8BDBA9A257210BB0 /* Pods_TMDBTests.framework */; };
		6A94CD2848CBA2B35C6C44CC /* Pods_TMDB_TMDBUITests.framework in Frameworks */ = {isa = PBXBuildFile; fileRef = 840C24EE09888CC08C026E12 /* Pods_TMDB_TMDBUITests.framework */; };
		7D93AB122A6E3E3D00B88957 /* AppDelegate.swift in Sources */ = {isa = PBXBuildFile; fileRef = 7D93AB112A6E3E3D00B88957 /* AppDelegate.swift */; };
		7D93AB142A6E3E3D00B88957 /* SceneDelegate.swift in Sources */ = {isa = PBXBuildFile; fileRef = 7D93AB132A6E3E3D00B88957 /* SceneDelegate.swift */; };
		7D93AB1B2A6E3E3D00B88957 /* Assets.xcassets in Resources */ = {isa = PBXBuildFile; fileRef = 7D93AB1A2A6E3E3D00B88957 /* Assets.xcassets */; };
		7D93AB1E2A6E3E3D00B88957 /* LaunchScreen.storyboard in Resources */ = {isa = PBXBuildFile; fileRef = 7D93AB1C2A6E3E3D00B88957 /* LaunchScreen.storyboard */; };
		7D93AB292A6E3E3D00B88957 /* TMDBTests.swift in Sources */ = {isa = PBXBuildFile; fileRef = 7D93AB282A6E3E3D00B88957 /* TMDBTests.swift */; };
		7D93AB332A6E3E3D00B88957 /* TMDBUITests.swift in Sources */ = {isa = PBXBuildFile; fileRef = 7D93AB322A6E3E3D00B88957 /* TMDBUITests.swift */; };
		7D93AB352A6E3E3D00B88957 /* TMDBUITestsLaunchTests.swift in Sources */ = {isa = PBXBuildFile; fileRef = 7D93AB342A6E3E3D00B88957 /* TMDBUITestsLaunchTests.swift */; };
		7D93AB472A6E463600B88957 /* MovieGeneresResponse.swift in Sources */ = {isa = PBXBuildFile; fileRef = 7D93AB462A6E463600B88957 /* MovieGeneresResponse.swift */; };
		7D93AB492A6E467600B88957 /* MovieListResponse.swift in Sources */ = {isa = PBXBuildFile; fileRef = 7D93AB482A6E467600B88957 /* MovieListResponse.swift */; };
		7D93AB4C2A6E469500B88957 /* MovieDetailResponse.swift in Sources */ = {isa = PBXBuildFile; fileRef = 7D93AB4B2A6E469500B88957 /* MovieDetailResponse.swift */; };
		7DBDD9262A6EA8A30012575A /* BaseCollectionViewCell.swift in Sources */ = {isa = PBXBuildFile; fileRef = 7DBDD9252A6EA8A30012575A /* BaseCollectionViewCell.swift */; };
		7DBDD9282A6EAB030012575A /* CollectionView+Extension.swift in Sources */ = {isa = PBXBuildFile; fileRef = 7DBDD9272A6EAB030012575A /* CollectionView+Extension.swift */; };
		7DC477EB2A6EA36A00B707B2 /* MovieContainerTableViewCell.swift in Sources */ = {isa = PBXBuildFile; fileRef = 7DC477EA2A6EA36A00B707B2 /* MovieContainerTableViewCell.swift */; };
		7DC477ED2A6EA38100B707B2 /* MovieVerticalCollectionViewCell.swift in Sources */ = {isa = PBXBuildFile; fileRef = 7DC477EC2A6EA38100B707B2 /* MovieVerticalCollectionViewCell.swift */; };
		7DE1E6502A6E4C2300917E6C /* NetworkManager.swift in Sources */ = {isa = PBXBuildFile; fileRef = 7DE1E64F2A6E4C2300917E6C /* NetworkManager.swift */; };
		7DE1E6522A6E4C5B00917E6C /* NetworkService.swift in Sources */ = {isa = PBXBuildFile; fileRef = 7DE1E6512A6E4C5B00917E6C /* NetworkService.swift */; };
		7DE1E6542A6E4C9600917E6C /* APIErrorType.swift in Sources */ = {isa = PBXBuildFile; fileRef = 7DE1E6532A6E4C9600917E6C /* APIErrorType.swift */; };
		7DE1E6562A6E4CAD00917E6C /* Reachability.swift in Sources */ = {isa = PBXBuildFile; fileRef = 7DE1E6552A6E4CAD00917E6C /* Reachability.swift */; };
		7DE1E65E2A6E4E0B00917E6C /* HomeProtocol.swift in Sources */ = {isa = PBXBuildFile; fileRef = 7DE1E65D2A6E4E0B00917E6C /* HomeProtocol.swift */; };
		7DE1E6602A6E4E4400917E6C /* HomeViewController.swift in Sources */ = {isa = PBXBuildFile; fileRef = 7DE1E65F2A6E4E4400917E6C /* HomeViewController.swift */; };
		7DE1E6622A6E4ED800917E6C /* HomeInteractor.swift in Sources */ = {isa = PBXBuildFile; fileRef = 7DE1E6612A6E4ED800917E6C /* HomeInteractor.swift */; };
		7DE1E6642A6E4F4800917E6C /* HomeRouter.swift in Sources */ = {isa = PBXBuildFile; fileRef = 7DE1E6632A6E4F4800917E6C /* HomeRouter.swift */; };
		7DE1E6662A6E4FBE00917E6C /* HomePresenter.swift in Sources */ = {isa = PBXBuildFile; fileRef = 7DE1E6652A6E4FBE00917E6C /* HomePresenter.swift */; };
		7DE1E6692A6E63BF00917E6C /* MovieHorizontalTableViewCell.swift in Sources */ = {isa = PBXBuildFile; fileRef = 7DE1E6682A6E63BF00917E6C /* MovieHorizontalTableViewCell.swift */; };
		7DE1E66C2A6E673000917E6C /* BaseTableViewCell.swift in Sources */ = {isa = PBXBuildFile; fileRef = 7DE1E66B2A6E673000917E6C /* BaseTableViewCell.swift */; };
		7DE1E66F2A6E679300917E6C /* String+Extension.swift in Sources */ = {isa = PBXBuildFile; fileRef = 7DE1E66E2A6E679300917E6C /* String+Extension.swift */; };
		7DE1E6712A6E69A900917E6C /* TableView+Extension.swift in Sources */ = {isa = PBXBuildFile; fileRef = 7DE1E6702A6E69A900917E6C /* TableView+Extension.swift */; };
		7DE1E6792A6E71CC00917E6C /* MovieDetailProtocol.swift in Sources */ = {isa = PBXBuildFile; fileRef = 7DE1E6782A6E71CC00917E6C /* MovieDetailProtocol.swift */; };
		7DE1E67B2A6E71D900917E6C /* MovieDetailRouter.swift in Sources */ = {isa = PBXBuildFile; fileRef = 7DE1E67A2A6E71D900917E6C /* MovieDetailRouter.swift */; };
		7DE1E67D2A6E71E400917E6C /* MovieDetailPresenter.swift in Sources */ = {isa = PBXBuildFile; fileRef = 7DE1E67C2A6E71E400917E6C /* MovieDetailPresenter.swift */; };
		7DE1E6802A6E720000917E6C /* MovieDetailInteractor.swift in Sources */ = {isa = PBXBuildFile; fileRef = 7DE1E67F2A6E720000917E6C /* MovieDetailInteractor.swift */; };
		7DE1E6822A6E721400917E6C /* MovieDetailViewController.swift in Sources */ = {isa = PBXBuildFile; fileRef = 7DE1E6812A6E721400917E6C /* MovieDetailViewController.swift */; };
		7DE1E6842A6E806900917E6C /* MovieDetailHeaderTableViewCell.swift in Sources */ = {isa = PBXBuildFile; fileRef = 7DE1E6832A6E806900917E6C /* MovieDetailHeaderTableViewCell.swift */; };
		7DE1E6862A6E807700917E6C /* MovieDetailDescTableViewCell.swift in Sources */ = {isa = PBXBuildFile; fileRef = 7DE1E6852A6E807700917E6C /* MovieDetailDescTableViewCell.swift */; };
		D7E6F5F080A6EC4F64E8604A /* Pods_TMDB.framework in Frameworks */ = {isa = PBXBuildFile; fileRef = 6FD9AD7D29E46DBF0EAE8553 /* Pods_TMDB.framework */; };
/* End PBXBuildFile section */

/* Begin PBXContainerItemProxy section */
		7D93AB252A6E3E3D00B88957 /* PBXContainerItemProxy */ = {
			isa = PBXContainerItemProxy;
			containerPortal = 7D93AB062A6E3E3D00B88957 /* Project object */;
			proxyType = 1;
			remoteGlobalIDString = 7D93AB0D2A6E3E3D00B88957;
			remoteInfo = TMDB;
		};
		7D93AB2F2A6E3E3D00B88957 /* PBXContainerItemProxy */ = {
			isa = PBXContainerItemProxy;
			containerPortal = 7D93AB062A6E3E3D00B88957 /* Project object */;
			proxyType = 1;
			remoteGlobalIDString = 7D93AB0D2A6E3E3D00B88957;
			remoteInfo = TMDB;
		};
/* End PBXContainerItemProxy section */

/* Begin PBXFileReference section */
		2934B57D148D292162CA6DED /* Pods-TMDBTests.debug.xcconfig */ = {isa = PBXFileReference; includeInIndex = 1; lastKnownFileType = text.xcconfig; name = "Pods-TMDBTests.debug.xcconfig"; path = "Target Support Files/Pods-TMDBTests/Pods-TMDBTests.debug.xcconfig"; sourceTree = "<group>"; };
		365C6B475D8017997F521DD6 /* Pods-TMDB.release.xcconfig */ = {isa = PBXFileReference; includeInIndex = 1; lastKnownFileType = text.xcconfig; name = "Pods-TMDB.release.xcconfig"; path = "Target Support Files/Pods-TMDB/Pods-TMDB.release.xcconfig"; sourceTree = "<group>"; };
		6F6E06B8E4F4021C74D94051 /* Pods-TMDBTests.release.xcconfig */ = {isa = PBXFileReference; includeInIndex = 1; lastKnownFileType = text.xcconfig; name = "Pods-TMDBTests.release.xcconfig"; path = "Target Support Files/Pods-TMDBTests/Pods-TMDBTests.release.xcconfig"; sourceTree = "<group>"; };
		6FD9AD7D29E46DBF0EAE8553 /* Pods_TMDB.framework */ = {isa = PBXFileReference; explicitFileType = wrapper.framework; includeInIndex = 0; path = Pods_TMDB.framework; sourceTree = BUILT_PRODUCTS_DIR; };
		7BFF9D69595A82B092E7F3D7 /* Pods-TMDB-TMDBUITests.release.xcconfig */ = {isa = PBXFileReference; includeInIndex = 1; lastKnownFileType = text.xcconfig; name = "Pods-TMDB-TMDBUITests.release.xcconfig"; path = "Target Support Files/Pods-TMDB-TMDBUITests/Pods-TMDB-TMDBUITests.release.xcconfig"; sourceTree = "<group>"; };
		7D93AB0E2A6E3E3D00B88957 /* TMDB.app */ = {isa = PBXFileReference; explicitFileType = wrapper.application; includeInIndex = 0; path = TMDB.app; sourceTree = BUILT_PRODUCTS_DIR; };
		7D93AB112A6E3E3D00B88957 /* AppDelegate.swift */ = {isa = PBXFileReference; lastKnownFileType = sourcecode.swift; path = AppDelegate.swift; sourceTree = "<group>"; };
		7D93AB132A6E3E3D00B88957 /* SceneDelegate.swift */ = {isa = PBXFileReference; lastKnownFileType = sourcecode.swift; path = SceneDelegate.swift; sourceTree = "<group>"; };
		7D93AB1A2A6E3E3D00B88957 /* Assets.xcassets */ = {isa = PBXFileReference; lastKnownFileType = folder.assetcatalog; path = Assets.xcassets; sourceTree = "<group>"; };
		7D93AB1D2A6E3E3D00B88957 /* Base */ = {isa = PBXFileReference; lastKnownFileType = file.storyboard; name = Base; path = Base.lproj/LaunchScreen.storyboard; sourceTree = "<group>"; };
		7D93AB1F2A6E3E3D00B88957 /* Info.plist */ = {isa = PBXFileReference; lastKnownFileType = text.plist.xml; path = Info.plist; sourceTree = "<group>"; };
		7D93AB242A6E3E3D00B88957 /* TMDBTests.xctest */ = {isa = PBXFileReference; explicitFileType = wrapper.cfbundle; includeInIndex = 0; path = TMDBTests.xctest; sourceTree = BUILT_PRODUCTS_DIR; };
		7D93AB282A6E3E3D00B88957 /* TMDBTests.swift */ = {isa = PBXFileReference; lastKnownFileType = sourcecode.swift; path = TMDBTests.swift; sourceTree = "<group>"; };
		7D93AB2E2A6E3E3D00B88957 /* TMDBUITests.xctest */ = {isa = PBXFileReference; explicitFileType = wrapper.cfbundle; includeInIndex = 0; path = TMDBUITests.xctest; sourceTree = BUILT_PRODUCTS_DIR; };
		7D93AB322A6E3E3D00B88957 /* TMDBUITests.swift */ = {isa = PBXFileReference; lastKnownFileType = sourcecode.swift; path = TMDBUITests.swift; sourceTree = "<group>"; };
		7D93AB342A6E3E3D00B88957 /* TMDBUITestsLaunchTests.swift */ = {isa = PBXFileReference; lastKnownFileType = sourcecode.swift; path = TMDBUITestsLaunchTests.swift; sourceTree = "<group>"; };
		7D93AB462A6E463600B88957 /* MovieGeneresResponse.swift */ = {isa = PBXFileReference; lastKnownFileType = sourcecode.swift; path = MovieGeneresResponse.swift; sourceTree = "<group>"; };
		7D93AB482A6E467600B88957 /* MovieListResponse.swift */ = {isa = PBXFileReference; lastKnownFileType = sourcecode.swift; path = MovieListResponse.swift; sourceTree = "<group>"; };
		7D93AB4B2A6E469500B88957 /* MovieDetailResponse.swift */ = {isa = PBXFileReference; lastKnownFileType = sourcecode.swift; path = MovieDetailResponse.swift; sourceTree = "<group>"; };
		7DBDD9252A6EA8A30012575A /* BaseCollectionViewCell.swift */ = {isa = PBXFileReference; lastKnownFileType = sourcecode.swift; path = BaseCollectionViewCell.swift; sourceTree = "<group>"; };
		7DBDD9272A6EAB030012575A /* CollectionView+Extension.swift */ = {isa = PBXFileReference; lastKnownFileType = sourcecode.swift; path = "CollectionView+Extension.swift"; sourceTree = "<group>"; };
		7DC477EA2A6EA36A00B707B2 /* MovieContainerTableViewCell.swift */ = {isa = PBXFileReference; lastKnownFileType = sourcecode.swift; path = MovieContainerTableViewCell.swift; sourceTree = "<group>"; };
		7DC477EC2A6EA38100B707B2 /* MovieVerticalCollectionViewCell.swift */ = {isa = PBXFileReference; lastKnownFileType = sourcecode.swift; path = MovieVerticalCollectionViewCell.swift; sourceTree = "<group>"; };
		7DE1E64F2A6E4C2300917E6C /* NetworkManager.swift */ = {isa = PBXFileReference; lastKnownFileType = sourcecode.swift; path = NetworkManager.swift; sourceTree = "<group>"; };
		7DE1E6512A6E4C5B00917E6C /* NetworkService.swift */ = {isa = PBXFileReference; lastKnownFileType = sourcecode.swift; path = NetworkService.swift; sourceTree = "<group>"; };
		7DE1E6532A6E4C9600917E6C /* APIErrorType.swift */ = {isa = PBXFileReference; lastKnownFileType = sourcecode.swift; path = APIErrorType.swift; sourceTree = "<group>"; };
		7DE1E6552A6E4CAD00917E6C /* Reachability.swift */ = {isa = PBXFileReference; lastKnownFileType = sourcecode.swift; path = Reachability.swift; sourceTree = "<group>"; };
		7DE1E65D2A6E4E0B00917E6C /* HomeProtocol.swift */ = {isa = PBXFileReference; lastKnownFileType = sourcecode.swift; path = HomeProtocol.swift; sourceTree = "<group>"; };
		7DE1E65F2A6E4E4400917E6C /* HomeViewController.swift */ = {isa = PBXFileReference; lastKnownFileType = sourcecode.swift; path = HomeViewController.swift; sourceTree = "<group>"; };
		7DE1E6612A6E4ED800917E6C /* HomeInteractor.swift */ = {isa = PBXFileReference; lastKnownFileType = sourcecode.swift; path = HomeInteractor.swift; sourceTree = "<group>"; };
		7DE1E6632A6E4F4800917E6C /* HomeRouter.swift */ = {isa = PBXFileReference; lastKnownFileType = sourcecode.swift; path = HomeRouter.swift; sourceTree = "<group>"; };
		7DE1E6652A6E4FBE00917E6C /* HomePresenter.swift */ = {isa = PBXFileReference; lastKnownFileType = sourcecode.swift; path = HomePresenter.swift; sourceTree = "<group>"; };
		7DE1E6682A6E63BF00917E6C /* MovieHorizontalTableViewCell.swift */ = {isa = PBXFileReference; lastKnownFileType = sourcecode.swift; path = MovieHorizontalTableViewCell.swift; sourceTree = "<group>"; };
		7DE1E66B2A6E673000917E6C /* BaseTableViewCell.swift */ = {isa = PBXFileReference; lastKnownFileType = sourcecode.swift; path = BaseTableViewCell.swift; sourceTree = "<group>"; };
		7DE1E66E2A6E679300917E6C /* String+Extension.swift */ = {isa = PBXFileReference; lastKnownFileType = sourcecode.swift; path = "String+Extension.swift"; sourceTree = "<group>"; };
		7DE1E6702A6E69A900917E6C /* TableView+Extension.swift */ = {isa = PBXFileReference; lastKnownFileType = sourcecode.swift; path = "TableView+Extension.swift"; sourceTree = "<group>"; };
		7DE1E6782A6E71CC00917E6C /* MovieDetailProtocol.swift */ = {isa = PBXFileReference; lastKnownFileType = sourcecode.swift; path = MovieDetailProtocol.swift; sourceTree = "<group>"; };
		7DE1E67A2A6E71D900917E6C /* MovieDetailRouter.swift */ = {isa = PBXFileReference; lastKnownFileType = sourcecode.swift; path = MovieDetailRouter.swift; sourceTree = "<group>"; };
		7DE1E67C2A6E71E400917E6C /* MovieDetailPresenter.swift */ = {isa = PBXFileReference; lastKnownFileType = sourcecode.swift; path = MovieDetailPresenter.swift; sourceTree = "<group>"; };
		7DE1E67F2A6E720000917E6C /* MovieDetailInteractor.swift */ = {isa = PBXFileReference; lastKnownFileType = sourcecode.swift; path = MovieDetailInteractor.swift; sourceTree = "<group>"; };
		7DE1E6812A6E721400917E6C /* MovieDetailViewController.swift */ = {isa = PBXFileReference; lastKnownFileType = sourcecode.swift; path = MovieDetailViewController.swift; sourceTree = "<group>"; };
		7DE1E6832A6E806900917E6C /* MovieDetailHeaderTableViewCell.swift */ = {isa = PBXFileReference; lastKnownFileType = sourcecode.swift; path = MovieDetailHeaderTableViewCell.swift; sourceTree = "<group>"; };
		7DE1E6852A6E807700917E6C /* MovieDetailDescTableViewCell.swift */ = {isa = PBXFileReference; lastKnownFileType = sourcecode.swift; path = MovieDetailDescTableViewCell.swift; sourceTree = "<group>"; };
		840C24EE09888CC08C026E12 /* Pods_TMDB_TMDBUITests.framework */ = {isa = PBXFileReference; explicitFileType = wrapper.framework; includeInIndex = 0; path = Pods_TMDB_TMDBUITests.framework; sourceTree = BUILT_PRODUCTS_DIR; };
		874FB78D8BDBA9A257210BB0 /* Pods_TMDBTests.framework */ = {isa = PBXFileReference; explicitFileType = wrapper.framework; includeInIndex = 0; path = Pods_TMDBTests.framework; sourceTree = BUILT_PRODUCTS_DIR; };
		9674ED1CA476895B497E3E06 /* Pods-TMDB-TMDBUITests.debug.xcconfig */ = {isa = PBXFileReference; includeInIndex = 1; lastKnownFileType = text.xcconfig; name = "Pods-TMDB-TMDBUITests.debug.xcconfig"; path = "Target Support Files/Pods-TMDB-TMDBUITests/Pods-TMDB-TMDBUITests.debug.xcconfig"; sourceTree = "<group>"; };
		E4400BECC40EC9E7B17AE904 /* Pods-TMDB.debug.xcconfig */ = {isa = PBXFileReference; includeInIndex = 1; lastKnownFileType = text.xcconfig; name = "Pods-TMDB.debug.xcconfig"; path = "Target Support Files/Pods-TMDB/Pods-TMDB.debug.xcconfig"; sourceTree = "<group>"; };
/* End PBXFileReference section */

/* Begin PBXFrameworksBuildPhase section */
		7D93AB0B2A6E3E3D00B88957 /* Frameworks */ = {
			isa = PBXFrameworksBuildPhase;
			buildActionMask = 2147483647;
			files = (
				D7E6F5F080A6EC4F64E8604A /* Pods_TMDB.framework in Frameworks */,
			);
			runOnlyForDeploymentPostprocessing = 0;
		};
		7D93AB212A6E3E3D00B88957 /* Frameworks */ = {
			isa = PBXFrameworksBuildPhase;
			buildActionMask = 2147483647;
			files = (
				305801F94FE6ACF2C2F543FA /* Pods_TMDBTests.framework in Frameworks */,
			);
			runOnlyForDeploymentPostprocessing = 0;
		};
		7D93AB2B2A6E3E3D00B88957 /* Frameworks */ = {
			isa = PBXFrameworksBuildPhase;
			buildActionMask = 2147483647;
			files = (
				6A94CD2848CBA2B35C6C44CC /* Pods_TMDB_TMDBUITests.framework in Frameworks */,
			);
			runOnlyForDeploymentPostprocessing = 0;
		};
/* End PBXFrameworksBuildPhase section */

/* Begin PBXGroup section */
		7D93AB052A6E3E3D00B88957 = {
			isa = PBXGroup;
			children = (
				7D93AB102A6E3E3D00B88957 /* TMDB */,
				7D93AB272A6E3E3D00B88957 /* TMDBTests */,
				7D93AB312A6E3E3D00B88957 /* TMDBUITests */,
				7D93AB0F2A6E3E3D00B88957 /* Products */,
				F1976E61C02C97EEAB7E6273 /* Pods */,
				D68B68A253CB7E57BCB80FA2 /* Frameworks */,
			);
			sourceTree = "<group>";
		};
		7D93AB0F2A6E3E3D00B88957 /* Products */ = {
			isa = PBXGroup;
			children = (
				7D93AB0E2A6E3E3D00B88957 /* TMDB.app */,
				7D93AB242A6E3E3D00B88957 /* TMDBTests.xctest */,
				7D93AB2E2A6E3E3D00B88957 /* TMDBUITests.xctest */,
			);
			name = Products;
			sourceTree = "<group>";
		};
		7D93AB102A6E3E3D00B88957 /* TMDB */ = {
			isa = PBXGroup;
			children = (
				7D93AB442A6E460500B88957 /* Entities */,
				7D93AB432A6E45FA00B88957 /* Services */,
				7D93AB422A6E45F200B88957 /* Utils */,
				7D93AB412A6E45E400B88957 /* Features */,
				7D93AB1A2A6E3E3D00B88957 /* Assets.xcassets */,
				7D93AB1C2A6E3E3D00B88957 /* LaunchScreen.storyboard */,
				7D93AB1F2A6E3E3D00B88957 /* Info.plist */,
			);
			path = TMDB;
			sourceTree = "<group>";
		};
		7D93AB272A6E3E3D00B88957 /* TMDBTests */ = {
			isa = PBXGroup;
			children = (
				7D93AB282A6E3E3D00B88957 /* TMDBTests.swift */,
			);
			path = TMDBTests;
			sourceTree = "<group>";
		};
		7D93AB312A6E3E3D00B88957 /* TMDBUITests */ = {
			isa = PBXGroup;
			children = (
				7D93AB322A6E3E3D00B88957 /* TMDBUITests.swift */,
				7D93AB342A6E3E3D00B88957 /* TMDBUITestsLaunchTests.swift */,
			);
			path = TMDBUITests;
			sourceTree = "<group>";
		};
		7D93AB412A6E45E400B88957 /* Features */ = {
			isa = PBXGroup;
			children = (
				7DE1E6722A6E717E00917E6C /* MovieDetail */,
				7DE1E6572A6E4DAD00917E6C /* Home */,
			);
			path = Features;
			sourceTree = "<group>";
		};
		7D93AB422A6E45F200B88957 /* Utils */ = {
			isa = PBXGroup;
			children = (
				7DE1E66D2A6E678200917E6C /* Extensions */,
				7DE1E66A2A6E671A00917E6C /* BaseApp */,
				7D93AB112A6E3E3D00B88957 /* AppDelegate.swift */,
				7D93AB132A6E3E3D00B88957 /* SceneDelegate.swift */,
			);
			path = Utils;
			sourceTree = "<group>";
		};
		7D93AB432A6E45FA00B88957 /* Services */ = {
			isa = PBXGroup;
			children = (
				7DE1E6512A6E4C5B00917E6C /* NetworkService.swift */,
				7DE1E64F2A6E4C2300917E6C /* NetworkManager.swift */,
				7DE1E6532A6E4C9600917E6C /* APIErrorType.swift */,
				7DE1E6552A6E4CAD00917E6C /* Reachability.swift */,
			);
			path = Services;
			sourceTree = "<group>";
		};
		7D93AB442A6E460500B88957 /* Entities */ = {
			isa = PBXGroup;
			children = (
				7D93AB452A6E461500B88957 /* Responses */,
			);
			path = Entities;
			sourceTree = "<group>";
		};
		7D93AB452A6E461500B88957 /* Responses */ = {
			isa = PBXGroup;
			children = (
				7D93AB462A6E463600B88957 /* MovieGeneresResponse.swift */,
				7D93AB482A6E467600B88957 /* MovieListResponse.swift */,
				7D93AB4B2A6E469500B88957 /* MovieDetailResponse.swift */,
			);
			path = Responses;
			sourceTree = "<group>";
		};
		7DC477E92A6EA2B100B707B2 /* Vertical */ = {
			isa = PBXGroup;
			children = (
				7DC477EA2A6EA36A00B707B2 /* MovieContainerTableViewCell.swift */,
				7DC477EC2A6EA38100B707B2 /* MovieVerticalCollectionViewCell.swift */,
			);
			path = Vertical;
			sourceTree = "<group>";
		};
		7DE1E6572A6E4DAD00917E6C /* Home */ = {
			isa = PBXGroup;
			children = (
				7DE1E65B2A6E4DD600917E6C /* Protocol */,
				7DE1E65C2A6E4DDC00917E6C /* Router */,
				7DE1E65A2A6E4DCD00917E6C /* Presenter */,
				7DE1E6592A6E4DC700917E6C /* Interactor */,
				7DE1E6582A6E4DC200917E6C /* View */,
			);
			path = Home;
			sourceTree = "<group>";
		};
		7DE1E6582A6E4DC200917E6C /* View */ = {
			isa = PBXGroup;
			children = (
				7DC477E92A6EA2B100B707B2 /* Vertical */,
				7DE1E6672A6E634100917E6C /* Horizontal */,
				7DE1E65F2A6E4E4400917E6C /* HomeViewController.swift */,
			);
			path = View;
			sourceTree = "<group>";
		};
		7DE1E6592A6E4DC700917E6C /* Interactor */ = {
			isa = PBXGroup;
			children = (
				7DE1E6612A6E4ED800917E6C /* HomeInteractor.swift */,
			);
			path = Interactor;
			sourceTree = "<group>";
		};
		7DE1E65A2A6E4DCD00917E6C /* Presenter */ = {
			isa = PBXGroup;
			children = (
				7DE1E6652A6E4FBE00917E6C /* HomePresenter.swift */,
			);
			path = Presenter;
			sourceTree = "<group>";
		};
		7DE1E65B2A6E4DD600917E6C /* Protocol */ = {
			isa = PBXGroup;
			children = (
				7DE1E65D2A6E4E0B00917E6C /* HomeProtocol.swift */,
			);
			path = Protocol;
			sourceTree = "<group>";
		};
		7DE1E65C2A6E4DDC00917E6C /* Router */ = {
			isa = PBXGroup;
			children = (
				7DE1E6632A6E4F4800917E6C /* HomeRouter.swift */,
			);
			path = Router;
			sourceTree = "<group>";
		};
		7DE1E6672A6E634100917E6C /* Horizontal */ = {
			isa = PBXGroup;
			children = (
				7DE1E6682A6E63BF00917E6C /* MovieHorizontalTableViewCell.swift */,
			);
			path = Horizontal;
			sourceTree = "<group>";
		};
		7DE1E66A2A6E671A00917E6C /* BaseApp */ = {
			isa = PBXGroup;
			children = (
				7DE1E66B2A6E673000917E6C /* BaseTableViewCell.swift */,
				7DBDD9252A6EA8A30012575A /* BaseCollectionViewCell.swift */,
			);
			path = BaseApp;
			sourceTree = "<group>";
		};
		7DE1E66D2A6E678200917E6C /* Extensions */ = {
			isa = PBXGroup;
			children = (
				7DE1E66E2A6E679300917E6C /* String+Extension.swift */,
				7DE1E6702A6E69A900917E6C /* TableView+Extension.swift */,
				7DBDD9272A6EAB030012575A /* CollectionView+Extension.swift */,
			);
			path = Extensions;
			sourceTree = "<group>";
		};
		7DE1E6722A6E717E00917E6C /* MovieDetail */ = {
			isa = PBXGroup;
			children = (
				7DE1E6772A6E71AF00917E6C /* Protocol */,
				7DE1E6762A6E71A900917E6C /* Router */,
				7DE1E6752A6E71A100917E6C /* Presenter */,
				7DE1E6742A6E719500917E6C /* Interactor */,
				7DE1E6732A6E718D00917E6C /* View */,
			);
			path = MovieDetail;
			sourceTree = "<group>";
		};
		7DE1E6732A6E718D00917E6C /* View */ = {
			isa = PBXGroup;
			children = (
				7DE1E6812A6E721400917E6C /* MovieDetailViewController.swift */,
				7DE1E6832A6E806900917E6C /* MovieDetailHeaderTableViewCell.swift */,
				7DE1E6852A6E807700917E6C /* MovieDetailDescTableViewCell.swift */,
			);
			path = View;
			sourceTree = "<group>";
		};
		7DE1E6742A6E719500917E6C /* Interactor */ = {
			isa = PBXGroup;
			children = (
				7DE1E67F2A6E720000917E6C /* MovieDetailInteractor.swift */,
			);
			path = Interactor;
			sourceTree = "<group>";
		};
		7DE1E6752A6E71A100917E6C /* Presenter */ = {
			isa = PBXGroup;
			children = (
				7DE1E67C2A6E71E400917E6C /* MovieDetailPresenter.swift */,
			);
			path = Presenter;
			sourceTree = "<group>";
		};
		7DE1E6762A6E71A900917E6C /* Router */ = {
			isa = PBXGroup;
			children = (
				7DE1E67A2A6E71D900917E6C /* MovieDetailRouter.swift */,
			);
			path = Router;
			sourceTree = "<group>";
		};
		7DE1E6772A6E71AF00917E6C /* Protocol */ = {
			isa = PBXGroup;
			children = (
				7DE1E6782A6E71CC00917E6C /* MovieDetailProtocol.swift */,
			);
			path = Protocol;
			sourceTree = "<group>";
		};
		D68B68A253CB7E57BCB80FA2 /* Frameworks */ = {
			isa = PBXGroup;
			children = (
				6FD9AD7D29E46DBF0EAE8553 /* Pods_TMDB.framework */,
				840C24EE09888CC08C026E12 /* Pods_TMDB_TMDBUITests.framework */,
				874FB78D8BDBA9A257210BB0 /* Pods_TMDBTests.framework */,
			);
			name = Frameworks;
			sourceTree = "<group>";
		};
		F1976E61C02C97EEAB7E6273 /* Pods */ = {
			isa = PBXGroup;
			children = (
				E4400BECC40EC9E7B17AE904 /* Pods-TMDB.debug.xcconfig */,
				365C6B475D8017997F521DD6 /* Pods-TMDB.release.xcconfig */,
				9674ED1CA476895B497E3E06 /* Pods-TMDB-TMDBUITests.debug.xcconfig */,
				7BFF9D69595A82B092E7F3D7 /* Pods-TMDB-TMDBUITests.release.xcconfig */,
				2934B57D148D292162CA6DED /* Pods-TMDBTests.debug.xcconfig */,
				6F6E06B8E4F4021C74D94051 /* Pods-TMDBTests.release.xcconfig */,
			);
			path = Pods;
			sourceTree = "<group>";
		};
/* End PBXGroup section */

/* Begin PBXNativeTarget section */
		7D93AB0D2A6E3E3D00B88957 /* TMDB */ = {
			isa = PBXNativeTarget;
			buildConfigurationList = 7D93AB382A6E3E3D00B88957 /* Build configuration list for PBXNativeTarget "TMDB" */;
			buildPhases = (
				52F78B273FEEB7A9503ADD5C /* [CP] Check Pods Manifest.lock */,
				7D93AB0A2A6E3E3D00B88957 /* Sources */,
				7D93AB0B2A6E3E3D00B88957 /* Frameworks */,
				7D93AB0C2A6E3E3D00B88957 /* Resources */,
				77FFB98D6998C2BB2B5A7F48 /* [CP] Embed Pods Frameworks */,
			);
			buildRules = (
			);
			dependencies = (
			);
			name = TMDB;
			productName = TMDB;
			productReference = 7D93AB0E2A6E3E3D00B88957 /* TMDB.app */;
			productType = "com.apple.product-type.application";
		};
		7D93AB232A6E3E3D00B88957 /* TMDBTests */ = {
			isa = PBXNativeTarget;
			buildConfigurationList = 7D93AB3B2A6E3E3D00B88957 /* Build configuration list for PBXNativeTarget "TMDBTests" */;
			buildPhases = (
				051D919FF1090B5A6485B984 /* [CP] Check Pods Manifest.lock */,
				7D93AB202A6E3E3D00B88957 /* Sources */,
				7D93AB212A6E3E3D00B88957 /* Frameworks */,
				7D93AB222A6E3E3D00B88957 /* Resources */,
			);
			buildRules = (
			);
			dependencies = (
				7D93AB262A6E3E3D00B88957 /* PBXTargetDependency */,
			);
			name = TMDBTests;
			productName = TMDBTests;
			productReference = 7D93AB242A6E3E3D00B88957 /* TMDBTests.xctest */;
			productType = "com.apple.product-type.bundle.unit-test";
		};
		7D93AB2D2A6E3E3D00B88957 /* TMDBUITests */ = {
			isa = PBXNativeTarget;
			buildConfigurationList = 7D93AB3E2A6E3E3D00B88957 /* Build configuration list for PBXNativeTarget "TMDBUITests" */;
			buildPhases = (
				4DD14D00B6C3E592A05A86A6 /* [CP] Check Pods Manifest.lock */,
				7D93AB2A2A6E3E3D00B88957 /* Sources */,
				7D93AB2B2A6E3E3D00B88957 /* Frameworks */,
				7D93AB2C2A6E3E3D00B88957 /* Resources */,
				30C0C1881B4D5B93E842A0A5 /* [CP] Embed Pods Frameworks */,
			);
			buildRules = (
			);
			dependencies = (
				7D93AB302A6E3E3D00B88957 /* PBXTargetDependency */,
			);
			name = TMDBUITests;
			productName = TMDBUITests;
			productReference = 7D93AB2E2A6E3E3D00B88957 /* TMDBUITests.xctest */;
			productType = "com.apple.product-type.bundle.ui-testing";
		};
/* End PBXNativeTarget section */

/* Begin PBXProject section */
		7D93AB062A6E3E3D00B88957 /* Project object */ = {
			isa = PBXProject;
			attributes = {
				BuildIndependentTargetsInParallel = 1;
				LastSwiftUpdateCheck = 1410;
				LastUpgradeCheck = 1410;
				TargetAttributes = {
					7D93AB0D2A6E3E3D00B88957 = {
						CreatedOnToolsVersion = 14.1;
					};
					7D93AB232A6E3E3D00B88957 = {
						CreatedOnToolsVersion = 14.1;
						TestTargetID = 7D93AB0D2A6E3E3D00B88957;
					};
					7D93AB2D2A6E3E3D00B88957 = {
						CreatedOnToolsVersion = 14.1;
						TestTargetID = 7D93AB0D2A6E3E3D00B88957;
					};
				};
			};
			buildConfigurationList = 7D93AB092A6E3E3D00B88957 /* Build configuration list for PBXProject "TMDB" */;
			compatibilityVersion = "Xcode 12.0";
			developmentRegion = en;
			hasScannedForEncodings = 0;
			knownRegions = (
				en,
				Base,
			);
			mainGroup = 7D93AB052A6E3E3D00B88957;
			productRefGroup = 7D93AB0F2A6E3E3D00B88957 /* Products */;
			projectDirPath = "";
			projectRoot = "";
			targets = (
				7D93AB0D2A6E3E3D00B88957 /* TMDB */,
				7D93AB232A6E3E3D00B88957 /* TMDBTests */,
				7D93AB2D2A6E3E3D00B88957 /* TMDBUITests */,
			);
		};
/* End PBXProject section */

/* Begin PBXResourcesBuildPhase section */
		7D93AB0C2A6E3E3D00B88957 /* Resources */ = {
			isa = PBXResourcesBuildPhase;
			buildActionMask = 2147483647;
			files = (
				7D93AB1E2A6E3E3D00B88957 /* LaunchScreen.storyboard in Resources */,
				7D93AB1B2A6E3E3D00B88957 /* Assets.xcassets in Resources */,
			);
			runOnlyForDeploymentPostprocessing = 0;
		};
		7D93AB222A6E3E3D00B88957 /* Resources */ = {
			isa = PBXResourcesBuildPhase;
			buildActionMask = 2147483647;
			files = (
			);
			runOnlyForDeploymentPostprocessing = 0;
		};
		7D93AB2C2A6E3E3D00B88957 /* Resources */ = {
			isa = PBXResourcesBuildPhase;
			buildActionMask = 2147483647;
			files = (
			);
			runOnlyForDeploymentPostprocessing = 0;
		};
/* End PBXResourcesBuildPhase section */

/* Begin PBXShellScriptBuildPhase section */
		051D919FF1090B5A6485B984 /* [CP] Check Pods Manifest.lock */ = {
			isa = PBXShellScriptBuildPhase;
			buildActionMask = 2147483647;
			files = (
			);
			inputFileListPaths = (
			);
			inputPaths = (
				"${PODS_PODFILE_DIR_PATH}/Podfile.lock",
				"${PODS_ROOT}/Manifest.lock",
			);
			name = "[CP] Check Pods Manifest.lock";
			outputFileListPaths = (
			);
			outputPaths = (
				"$(DERIVED_FILE_DIR)/Pods-TMDBTests-checkManifestLockResult.txt",
			);
			runOnlyForDeploymentPostprocessing = 0;
			shellPath = /bin/sh;
			shellScript = "diff \"${PODS_PODFILE_DIR_PATH}/Podfile.lock\" \"${PODS_ROOT}/Manifest.lock\" > /dev/null\nif [ $? != 0 ] ; then\n    # print error to STDERR\n    echo \"error: The sandbox is not in sync with the Podfile.lock. Run 'pod install' or update your CocoaPods installation.\" >&2\n    exit 1\nfi\n# This output is used by Xcode 'outputs' to avoid re-running this script phase.\necho \"SUCCESS\" > \"${SCRIPT_OUTPUT_FILE_0}\"\n";
			showEnvVarsInLog = 0;
		};
		30C0C1881B4D5B93E842A0A5 /* [CP] Embed Pods Frameworks */ = {
			isa = PBXShellScriptBuildPhase;
			buildActionMask = 2147483647;
			files = (
			);
			inputFileListPaths = (
				"${PODS_ROOT}/Target Support Files/Pods-TMDB-TMDBUITests/Pods-TMDB-TMDBUITests-frameworks-${CONFIGURATION}-input-files.xcfilelist",
			);
			name = "[CP] Embed Pods Frameworks";
			outputFileListPaths = (
				"${PODS_ROOT}/Target Support Files/Pods-TMDB-TMDBUITests/Pods-TMDB-TMDBUITests-frameworks-${CONFIGURATION}-output-files.xcfilelist",
			);
			runOnlyForDeploymentPostprocessing = 0;
			shellPath = /bin/sh;
			shellScript = "\"${PODS_ROOT}/Target Support Files/Pods-TMDB-TMDBUITests/Pods-TMDB-TMDBUITests-frameworks.sh\"\n";
			showEnvVarsInLog = 0;
		};
		4DD14D00B6C3E592A05A86A6 /* [CP] Check Pods Manifest.lock */ = {
			isa = PBXShellScriptBuildPhase;
			buildActionMask = 2147483647;
			files = (
			);
			inputFileListPaths = (
			);
			inputPaths = (
				"${PODS_PODFILE_DIR_PATH}/Podfile.lock",
				"${PODS_ROOT}/Manifest.lock",
			);
			name = "[CP] Check Pods Manifest.lock";
			outputFileListPaths = (
			);
			outputPaths = (
				"$(DERIVED_FILE_DIR)/Pods-TMDB-TMDBUITests-checkManifestLockResult.txt",
			);
			runOnlyForDeploymentPostprocessing = 0;
			shellPath = /bin/sh;
			shellScript = "diff \"${PODS_PODFILE_DIR_PATH}/Podfile.lock\" \"${PODS_ROOT}/Manifest.lock\" > /dev/null\nif [ $? != 0 ] ; then\n    # print error to STDERR\n    echo \"error: The sandbox is not in sync with the Podfile.lock. Run 'pod install' or update your CocoaPods installation.\" >&2\n    exit 1\nfi\n# This output is used by Xcode 'outputs' to avoid re-running this script phase.\necho \"SUCCESS\" > \"${SCRIPT_OUTPUT_FILE_0}\"\n";
			showEnvVarsInLog = 0;
		};
		52F78B273FEEB7A9503ADD5C /* [CP] Check Pods Manifest.lock */ = {
			isa = PBXShellScriptBuildPhase;
			buildActionMask = 2147483647;
			files = (
			);
			inputFileListPaths = (
			);
			inputPaths = (
				"${PODS_PODFILE_DIR_PATH}/Podfile.lock",
				"${PODS_ROOT}/Manifest.lock",
			);
			name = "[CP] Check Pods Manifest.lock";
			outputFileListPaths = (
			);
			outputPaths = (
				"$(DERIVED_FILE_DIR)/Pods-TMDB-checkManifestLockResult.txt",
			);
			runOnlyForDeploymentPostprocessing = 0;
			shellPath = /bin/sh;
			shellScript = "diff \"${PODS_PODFILE_DIR_PATH}/Podfile.lock\" \"${PODS_ROOT}/Manifest.lock\" > /dev/null\nif [ $? != 0 ] ; then\n    # print error to STDERR\n    echo \"error: The sandbox is not in sync with the Podfile.lock. Run 'pod install' or update your CocoaPods installation.\" >&2\n    exit 1\nfi\n# This output is used by Xcode 'outputs' to avoid re-running this script phase.\necho \"SUCCESS\" > \"${SCRIPT_OUTPUT_FILE_0}\"\n";
			showEnvVarsInLog = 0;
		};
		77FFB98D6998C2BB2B5A7F48 /* [CP] Embed Pods Frameworks */ = {
			isa = PBXShellScriptBuildPhase;
			buildActionMask = 2147483647;
			files = (
			);
			inputFileListPaths = (
				"${PODS_ROOT}/Target Support Files/Pods-TMDB/Pods-TMDB-frameworks-${CONFIGURATION}-input-files.xcfilelist",
			);
			name = "[CP] Embed Pods Frameworks";
			outputFileListPaths = (
				"${PODS_ROOT}/Target Support Files/Pods-TMDB/Pods-TMDB-frameworks-${CONFIGURATION}-output-files.xcfilelist",
			);
			runOnlyForDeploymentPostprocessing = 0;
			shellPath = /bin/sh;
			shellScript = "\"${PODS_ROOT}/Target Support Files/Pods-TMDB/Pods-TMDB-frameworks.sh\"\n";
			showEnvVarsInLog = 0;
		};
/* End PBXShellScriptBuildPhase section */

/* Begin PBXSourcesBuildPhase section */
		7D93AB0A2A6E3E3D00B88957 /* Sources */ = {
			isa = PBXSourcesBuildPhase;
			buildActionMask = 2147483647;
			files = (
				7DE1E66C2A6E673000917E6C /* BaseTableViewCell.swift in Sources */,
				7DBDD9262A6EA8A30012575A /* BaseCollectionViewCell.swift in Sources */,
				7DE1E6792A6E71CC00917E6C /* MovieDetailProtocol.swift in Sources */,
				7DE1E6712A6E69A900917E6C /* TableView+Extension.swift in Sources */,
				7DE1E65E2A6E4E0B00917E6C /* HomeProtocol.swift in Sources */,
				7DE1E6822A6E721400917E6C /* MovieDetailViewController.swift in Sources */,
				7D93AB472A6E463600B88957 /* MovieGeneresResponse.swift in Sources */,
				7DE1E6662A6E4FBE00917E6C /* HomePresenter.swift in Sources */,
				7DE1E67B2A6E71D900917E6C /* MovieDetailRouter.swift in Sources */,
				7D93AB4C2A6E469500B88957 /* MovieDetailResponse.swift in Sources */,
				7DE1E6542A6E4C9600917E6C /* APIErrorType.swift in Sources */,
				7DE1E67D2A6E71E400917E6C /* MovieDetailPresenter.swift in Sources */,
				7DE1E6502A6E4C2300917E6C /* NetworkManager.swift in Sources */,
				7D93AB122A6E3E3D00B88957 /* AppDelegate.swift in Sources */,
				7DBDD9282A6EAB030012575A /* CollectionView+Extension.swift in Sources */,
				7DE1E66F2A6E679300917E6C /* String+Extension.swift in Sources */,
				7DC477EB2A6EA36A00B707B2 /* MovieContainerTableViewCell.swift in Sources */,
				7DC477ED2A6EA38100B707B2 /* MovieVerticalCollectionViewCell.swift in Sources */,
				7DE1E6842A6E806900917E6C /* MovieDetailHeaderTableViewCell.swift in Sources */,
				7DE1E6622A6E4ED800917E6C /* HomeInteractor.swift in Sources */,
				7D93AB492A6E467600B88957 /* MovieListResponse.swift in Sources */,
				7DE1E6642A6E4F4800917E6C /* HomeRouter.swift in Sources */,
				7DE1E6522A6E4C5B00917E6C /* NetworkService.swift in Sources */,
				7DE1E6562A6E4CAD00917E6C /* Reachability.swift in Sources */,
				7D93AB142A6E3E3D00B88957 /* SceneDelegate.swift in Sources */,
				7DE1E6602A6E4E4400917E6C /* HomeViewController.swift in Sources */,
				7DE1E6802A6E720000917E6C /* MovieDetailInteractor.swift in Sources */,
				7DE1E6692A6E63BF00917E6C /* MovieHorizontalTableViewCell.swift in Sources */,
				7DE1E6862A6E807700917E6C /* MovieDetailDescTableViewCell.swift in Sources */,
			);
			runOnlyForDeploymentPostprocessing = 0;
		};
		7D93AB202A6E3E3D00B88957 /* Sources */ = {
			isa = PBXSourcesBuildPhase;
			buildActionMask = 2147483647;
			files = (
				7D93AB292A6E3E3D00B88957 /* TMDBTests.swift in Sources */,
			);
			runOnlyForDeploymentPostprocessing = 0;
		};
		7D93AB2A2A6E3E3D00B88957 /* Sources */ = {
			isa = PBXSourcesBuildPhase;
			buildActionMask = 2147483647;
			files = (
				7D93AB332A6E3E3D00B88957 /* TMDBUITests.swift in Sources */,
				7D93AB352A6E3E3D00B88957 /* TMDBUITestsLaunchTests.swift in Sources */,
			);
			runOnlyForDeploymentPostprocessing = 0;
		};
/* End PBXSourcesBuildPhase section */

/* Begin PBXTargetDependency section */
		7D93AB262A6E3E3D00B88957 /* PBXTargetDependency */ = {
			isa = PBXTargetDependency;
			target = 7D93AB0D2A6E3E3D00B88957 /* TMDB */;
			targetProxy = 7D93AB252A6E3E3D00B88957 /* PBXContainerItemProxy */;
		};
		7D93AB302A6E3E3D00B88957 /* PBXTargetDependency */ = {
			isa = PBXTargetDependency;
			target = 7D93AB0D2A6E3E3D00B88957 /* TMDB */;
			targetProxy = 7D93AB2F2A6E3E3D00B88957 /* PBXContainerItemProxy */;
		};
/* End PBXTargetDependency section */

/* Begin PBXVariantGroup section */
		7D93AB1C2A6E3E3D00B88957 /* LaunchScreen.storyboard */ = {
			isa = PBXVariantGroup;
			children = (
				7D93AB1D2A6E3E3D00B88957 /* Base */,
			);
			name = LaunchScreen.storyboard;
			sourceTree = "<group>";
		};
/* End PBXVariantGroup section */

/* Begin XCBuildConfiguration section */
		7D93AB362A6E3E3D00B88957 /* Debug */ = {
			isa = XCBuildConfiguration;
			buildSettings = {
				ALWAYS_SEARCH_USER_PATHS = NO;
				CLANG_ANALYZER_NONNULL = YES;
				CLANG_ANALYZER_NUMBER_OBJECT_CONVERSION = YES_AGGRESSIVE;
				CLANG_CXX_LANGUAGE_STANDARD = "gnu++20";
				CLANG_ENABLE_MODULES = YES;
				CLANG_ENABLE_OBJC_ARC = YES;
				CLANG_ENABLE_OBJC_WEAK = YES;
				CLANG_WARN_BLOCK_CAPTURE_AUTORELEASING = YES;
				CLANG_WARN_BOOL_CONVERSION = YES;
				CLANG_WARN_COMMA = YES;
				CLANG_WARN_CONSTANT_CONVERSION = YES;
				CLANG_WARN_DEPRECATED_OBJC_IMPLEMENTATIONS = YES;
				CLANG_WARN_DIRECT_OBJC_ISA_USAGE = YES_ERROR;
				CLANG_WARN_DOCUMENTATION_COMMENTS = YES;
				CLANG_WARN_EMPTY_BODY = YES;
				CLANG_WARN_ENUM_CONVERSION = YES;
				CLANG_WARN_INFINITE_RECURSION = YES;
				CLANG_WARN_INT_CONVERSION = YES;
				CLANG_WARN_NON_LITERAL_NULL_CONVERSION = YES;
				CLANG_WARN_OBJC_IMPLICIT_RETAIN_SELF = YES;
				CLANG_WARN_OBJC_LITERAL_CONVERSION = YES;
				CLANG_WARN_OBJC_ROOT_CLASS = YES_ERROR;
				CLANG_WARN_QUOTED_INCLUDE_IN_FRAMEWORK_HEADER = YES;
				CLANG_WARN_RANGE_LOOP_ANALYSIS = YES;
				CLANG_WARN_STRICT_PROTOTYPES = YES;
				CLANG_WARN_SUSPICIOUS_MOVE = YES;
				CLANG_WARN_UNGUARDED_AVAILABILITY = YES_AGGRESSIVE;
				CLANG_WARN_UNREACHABLE_CODE = YES;
				CLANG_WARN__DUPLICATE_METHOD_MATCH = YES;
				COPY_PHASE_STRIP = NO;
				DEBUG_INFORMATION_FORMAT = dwarf;
				ENABLE_STRICT_OBJC_MSGSEND = YES;
				ENABLE_TESTABILITY = YES;
				GCC_C_LANGUAGE_STANDARD = gnu11;
				GCC_DYNAMIC_NO_PIC = NO;
				GCC_NO_COMMON_BLOCKS = YES;
				GCC_OPTIMIZATION_LEVEL = 0;
				GCC_PREPROCESSOR_DEFINITIONS = (
					"DEBUG=1",
					"$(inherited)",
				);
				GCC_WARN_64_TO_32_BIT_CONVERSION = YES;
				GCC_WARN_ABOUT_RETURN_TYPE = YES_ERROR;
				GCC_WARN_UNDECLARED_SELECTOR = YES;
				GCC_WARN_UNINITIALIZED_AUTOS = YES_AGGRESSIVE;
				GCC_WARN_UNUSED_FUNCTION = YES;
				GCC_WARN_UNUSED_VARIABLE = YES;
				IPHONEOS_DEPLOYMENT_TARGET = 12.0;
				MTL_ENABLE_DEBUG_INFO = INCLUDE_SOURCE;
				MTL_FAST_MATH = YES;
				ONLY_ACTIVE_ARCH = YES;
				SDKROOT = iphoneos;
				SWIFT_ACTIVE_COMPILATION_CONDITIONS = DEBUG;
				SWIFT_OPTIMIZATION_LEVEL = "-Onone";
			};
			name = Debug;
		};
		7D93AB372A6E3E3D00B88957 /* Release */ = {
			isa = XCBuildConfiguration;
			buildSettings = {
				ALWAYS_SEARCH_USER_PATHS = NO;
				CLANG_ANALYZER_NONNULL = YES;
				CLANG_ANALYZER_NUMBER_OBJECT_CONVERSION = YES_AGGRESSIVE;
				CLANG_CXX_LANGUAGE_STANDARD = "gnu++20";
				CLANG_ENABLE_MODULES = YES;
				CLANG_ENABLE_OBJC_ARC = YES;
				CLANG_ENABLE_OBJC_WEAK = YES;
				CLANG_WARN_BLOCK_CAPTURE_AUTORELEASING = YES;
				CLANG_WARN_BOOL_CONVERSION = YES;
				CLANG_WARN_COMMA = YES;
				CLANG_WARN_CONSTANT_CONVERSION = YES;
				CLANG_WARN_DEPRECATED_OBJC_IMPLEMENTATIONS = YES;
				CLANG_WARN_DIRECT_OBJC_ISA_USAGE = YES_ERROR;
				CLANG_WARN_DOCUMENTATION_COMMENTS = YES;
				CLANG_WARN_EMPTY_BODY = YES;
				CLANG_WARN_ENUM_CONVERSION = YES;
				CLANG_WARN_INFINITE_RECURSION = YES;
				CLANG_WARN_INT_CONVERSION = YES;
				CLANG_WARN_NON_LITERAL_NULL_CONVERSION = YES;
				CLANG_WARN_OBJC_IMPLICIT_RETAIN_SELF = YES;
				CLANG_WARN_OBJC_LITERAL_CONVERSION = YES;
				CLANG_WARN_OBJC_ROOT_CLASS = YES_ERROR;
				CLANG_WARN_QUOTED_INCLUDE_IN_FRAMEWORK_HEADER = YES;
				CLANG_WARN_RANGE_LOOP_ANALYSIS = YES;
				CLANG_WARN_STRICT_PROTOTYPES = YES;
				CLANG_WARN_SUSPICIOUS_MOVE = YES;
				CLANG_WARN_UNGUARDED_AVAILABILITY = YES_AGGRESSIVE;
				CLANG_WARN_UNREACHABLE_CODE = YES;
				CLANG_WARN__DUPLICATE_METHOD_MATCH = YES;
				COPY_PHASE_STRIP = NO;
				DEBUG_INFORMATION_FORMAT = "dwarf-with-dsym";
				ENABLE_NS_ASSERTIONS = NO;
				ENABLE_STRICT_OBJC_MSGSEND = YES;
				GCC_C_LANGUAGE_STANDARD = gnu11;
				GCC_NO_COMMON_BLOCKS = YES;
				GCC_WARN_64_TO_32_BIT_CONVERSION = YES;
				GCC_WARN_ABOUT_RETURN_TYPE = YES_ERROR;
				GCC_WARN_UNDECLARED_SELECTOR = YES;
				GCC_WARN_UNINITIALIZED_AUTOS = YES_AGGRESSIVE;
				GCC_WARN_UNUSED_FUNCTION = YES;
				GCC_WARN_UNUSED_VARIABLE = YES;
				IPHONEOS_DEPLOYMENT_TARGET = 12.0;
				MTL_ENABLE_DEBUG_INFO = NO;
				MTL_FAST_MATH = YES;
				SDKROOT = iphoneos;
				SWIFT_COMPILATION_MODE = wholemodule;
				SWIFT_OPTIMIZATION_LEVEL = "-O";
				VALIDATE_PRODUCT = YES;
			};
			name = Release;
		};
		7D93AB392A6E3E3D00B88957 /* Debug */ = {
			isa = XCBuildConfiguration;
			baseConfigurationReference = E4400BECC40EC9E7B17AE904 /* Pods-TMDB.debug.xcconfig */;
			buildSettings = {
				ASSETCATALOG_COMPILER_APPICON_NAME = AppIcon;
				ASSETCATALOG_COMPILER_GLOBAL_ACCENT_COLOR_NAME = AccentColor;
				CODE_SIGN_STYLE = Automatic;
				CURRENT_PROJECT_VERSION = 1;
				DEVELOPMENT_TEAM = HA4A8Y4KQA;
				GENERATE_INFOPLIST_FILE = YES;
				INFOPLIST_FILE = TMDB/Info.plist;
				INFOPLIST_KEY_UIApplicationSupportsIndirectInputEvents = YES;
				INFOPLIST_KEY_UILaunchStoryboardName = LaunchScreen;
				INFOPLIST_KEY_UIMainStoryboardFile = "";
				INFOPLIST_KEY_UISupportedInterfaceOrientations_iPad = "UIInterfaceOrientationPortrait UIInterfaceOrientationPortraitUpsideDown UIInterfaceOrientationLandscapeLeft UIInterfaceOrientationLandscapeRight";
				INFOPLIST_KEY_UISupportedInterfaceOrientations_iPhone = "UIInterfaceOrientationPortrait UIInterfaceOrientationLandscapeLeft UIInterfaceOrientationLandscapeRight";
				IPHONEOS_DEPLOYMENT_TARGET = 13.0;
				LD_RUNPATH_SEARCH_PATHS = (
					"$(inherited)",
					"@executable_path/Frameworks",
				);
				MARKETING_VERSION = 1.0;
				PRODUCT_BUNDLE_IDENTIFIER = com.akp.TMDB;
				PRODUCT_NAME = "$(TARGET_NAME)";
				SWIFT_EMIT_LOC_STRINGS = YES;
				SWIFT_VERSION = 5.0;
				TARGETED_DEVICE_FAMILY = "1,2";
			};
			name = Debug;
		};
		7D93AB3A2A6E3E3D00B88957 /* Release */ = {
			isa = XCBuildConfiguration;
			baseConfigurationReference = 365C6B475D8017997F521DD6 /* Pods-TMDB.release.xcconfig */;
			buildSettings = {
				ASSETCATALOG_COMPILER_APPICON_NAME = AppIcon;
				ASSETCATALOG_COMPILER_GLOBAL_ACCENT_COLOR_NAME = AccentColor;
				CODE_SIGN_STYLE = Automatic;
				CURRENT_PROJECT_VERSION = 1;
				DEVELOPMENT_TEAM = HA4A8Y4KQA;
				GENERATE_INFOPLIST_FILE = YES;
				INFOPLIST_FILE = TMDB/Info.plist;
				INFOPLIST_KEY_UIApplicationSupportsIndirectInputEvents = YES;
				INFOPLIST_KEY_UILaunchStoryboardName = LaunchScreen;
				INFOPLIST_KEY_UIMainStoryboardFile = "";
				INFOPLIST_KEY_UISupportedInterfaceOrientations_iPad = "UIInterfaceOrientationPortrait UIInterfaceOrientationPortraitUpsideDown UIInterfaceOrientationLandscapeLeft UIInterfaceOrientationLandscapeRight";
				INFOPLIST_KEY_UISupportedInterfaceOrientations_iPhone = "UIInterfaceOrientationPortrait UIInterfaceOrientationLandscapeLeft UIInterfaceOrientationLandscapeRight";
				IPHONEOS_DEPLOYMENT_TARGET = 13.0;
				LD_RUNPATH_SEARCH_PATHS = (
					"$(inherited)",
					"@executable_path/Frameworks",
				);
				MARKETING_VERSION = 1.0;
				PRODUCT_BUNDLE_IDENTIFIER = com.akp.TMDB;
				PRODUCT_NAME = "$(TARGET_NAME)";
				SWIFT_EMIT_LOC_STRINGS = YES;
				SWIFT_VERSION = 5.0;
				TARGETED_DEVICE_FAMILY = "1,2";
			};
			name = Release;
		};
		7D93AB3C2A6E3E3D00B88957 /* Debug */ = {
			isa = XCBuildConfiguration;
			baseConfigurationReference = 2934B57D148D292162CA6DED /* Pods-TMDBTests.debug.xcconfig */;
			buildSettings = {
				ALWAYS_EMBED_SWIFT_STANDARD_LIBRARIES = YES;
				BUNDLE_LOADER = "$(TEST_HOST)";
				CODE_SIGN_STYLE = Automatic;
				CURRENT_PROJECT_VERSION = 1;
				DEVELOPMENT_TEAM = HA4A8Y4KQA;
				GENERATE_INFOPLIST_FILE = YES;
				IPHONEOS_DEPLOYMENT_TARGET = 16.1;
				MARKETING_VERSION = 1.0;
				PRODUCT_BUNDLE_IDENTIFIER = com.akp.TMDBTests;
				PRODUCT_NAME = "$(TARGET_NAME)";
				SWIFT_EMIT_LOC_STRINGS = NO;
				SWIFT_VERSION = 5.0;
				TARGETED_DEVICE_FAMILY = "1,2";
				TEST_HOST = "$(BUILT_PRODUCTS_DIR)/TMDB.app/$(BUNDLE_EXECUTABLE_FOLDER_PATH)/TMDB";
			};
			name = Debug;
		};
		7D93AB3D2A6E3E3D00B88957 /* Release */ = {
			isa = XCBuildConfiguration;
			baseConfigurationReference = 6F6E06B8E4F4021C74D94051 /* Pods-TMDBTests.release.xcconfig */;
			buildSettings = {
				ALWAYS_EMBED_SWIFT_STANDARD_LIBRARIES = YES;
				BUNDLE_LOADER = "$(TEST_HOST)";
				CODE_SIGN_STYLE = Automatic;
				CURRENT_PROJECT_VERSION = 1;
				DEVELOPMENT_TEAM = HA4A8Y4KQA;
				GENERATE_INFOPLIST_FILE = YES;
				IPHONEOS_DEPLOYMENT_TARGET = 16.1;
				MARKETING_VERSION = 1.0;
				PRODUCT_BUNDLE_IDENTIFIER = com.akp.TMDBTests;
				PRODUCT_NAME = "$(TARGET_NAME)";
				SWIFT_EMIT_LOC_STRINGS = NO;
				SWIFT_VERSION = 5.0;
				TARGETED_DEVICE_FAMILY = "1,2";
				TEST_HOST = "$(BUILT_PRODUCTS_DIR)/TMDB.app/$(BUNDLE_EXECUTABLE_FOLDER_PATH)/TMDB";
			};
			name = Release;
		};
		7D93AB3F2A6E3E3D00B88957 /* Debug */ = {
			isa = XCBuildConfiguration;
			baseConfigurationReference = 9674ED1CA476895B497E3E06 /* Pods-TMDB-TMDBUITests.debug.xcconfig */;
			buildSettings = {
				ALWAYS_EMBED_SWIFT_STANDARD_LIBRARIES = YES;
				CODE_SIGN_STYLE = Automatic;
				CURRENT_PROJECT_VERSION = 1;
				DEVELOPMENT_TEAM = HA4A8Y4KQA;
				GENERATE_INFOPLIST_FILE = YES;
				MARKETING_VERSION = 1.0;
				PRODUCT_BUNDLE_IDENTIFIER = com.akp.TMDBUITests;
				PRODUCT_NAME = "$(TARGET_NAME)";
				SWIFT_EMIT_LOC_STRINGS = NO;
				SWIFT_VERSION = 5.0;
				TARGETED_DEVICE_FAMILY = "1,2";
				TEST_TARGET_NAME = TMDB;
			};
			name = Debug;
		};
		7D93AB402A6E3E3D00B88957 /* Release */ = {
			isa = XCBuildConfiguration;
			baseConfigurationReference = 7BFF9D69595A82B092E7F3D7 /* Pods-TMDB-TMDBUITests.release.xcconfig */;
			buildSettings = {
				ALWAYS_EMBED_SWIFT_STANDARD_LIBRARIES = YES;
				CODE_SIGN_STYLE = Automatic;
				CURRENT_PROJECT_VERSION = 1;
				DEVELOPMENT_TEAM = HA4A8Y4KQA;
				GENERATE_INFOPLIST_FILE = YES;
				MARKETING_VERSION = 1.0;
				PRODUCT_BUNDLE_IDENTIFIER = com.akp.TMDBUITests;
				PRODUCT_NAME = "$(TARGET_NAME)";
				SWIFT_EMIT_LOC_STRINGS = NO;
				SWIFT_VERSION = 5.0;
				TARGETED_DEVICE_FAMILY = "1,2";
				TEST_TARGET_NAME = TMDB;
			};
			name = Release;
		};
/* End XCBuildConfiguration section */

/* Begin XCConfigurationList section */
		7D93AB092A6E3E3D00B88957 /* Build configuration list for PBXProject "TMDB" */ = {
			isa = XCConfigurationList;
			buildConfigurations = (
				7D93AB362A6E3E3D00B88957 /* Debug */,
				7D93AB372A6E3E3D00B88957 /* Release */,
			);
			defaultConfigurationIsVisible = 0;
			defaultConfigurationName = Release;
		};
		7D93AB382A6E3E3D00B88957 /* Build configuration list for PBXNativeTarget "TMDB" */ = {
			isa = XCConfigurationList;
			buildConfigurations = (
				7D93AB392A6E3E3D00B88957 /* Debug */,
				7D93AB3A2A6E3E3D00B88957 /* Release */,
			);
			defaultConfigurationIsVisible = 0;
			defaultConfigurationName = Release;
		};
		7D93AB3B2A6E3E3D00B88957 /* Build configuration list for PBXNativeTarget "TMDBTests" */ = {
			isa = XCConfigurationList;
			buildConfigurations = (
				7D93AB3C2A6E3E3D00B88957 /* Debug */,
				7D93AB3D2A6E3E3D00B88957 /* Release */,
			);
			defaultConfigurationIsVisible = 0;
			defaultConfigurationName = Release;
		};
		7D93AB3E2A6E3E3D00B88957 /* Build configuration list for PBXNativeTarget "TMDBUITests" */ = {
			isa = XCConfigurationList;
			buildConfigurations = (
				7D93AB3F2A6E3E3D00B88957 /* Debug */,
				7D93AB402A6E3E3D00B88957 /* Release */,
			);
			defaultConfigurationIsVisible = 0;
			defaultConfigurationName = Release;
		};
/* End XCConfigurationList section */
	};
	rootObject = 7D93AB062A6E3E3D00B88957 /* Project object */;
}
